
Microsoft Visual Studio Solution File, Format Version 12.00
# Visual Studio Version 16
VisualStudioVersion = 16.0.29009.5
MinimumVisualStudioVersion = 10.0.40219.1
Project("{FAE04EC0-301F-11D3-BF4B-00C04F79EFBC}") = "ActiveMqDemo", "ActiveMqDemo\ActiveMqDemo.csproj", "{99F23BE7-28B9-46D4-AE99-5A703D378BFD}"
EndProject
Global
	GlobalSection(SolutionConfigurationPlatforms) = preSolution
		Debug|Any CPU = Debug|Any CPU
		Release|Any CPU = Release|Any CPU
	EndGlobalSection
	GlobalSection(ProjectConfigurationPlatforms) = postSolution
		{99F23BE7-28B9-46D4-AE99-5A703D378BFD}.Debug|Any CPU.ActiveCfg = Debug|Any CPU
		{99F23BE7-28B9-46D4-AE99-5A703D378BFD}.Debug|Any CPU.Build.0 = Debug|Any CPU
		{99F23BE7-28B9-46D4-AE99-5A703D378BFD}.Release|Any CPU.ActiveCfg = Release|Any CPU
		{99F23BE7-28B9-46D4-AE99-5A703D378BFD}.Release|Any CPU.Build.0 = Release|Any CPU
	EndGlobalSection
	GlobalSection(SolutionProperties) = preSolution
		HideSolutionNode = FALSE
	EndGlobalSection
	GlobalSection(ExtensibilityGlobals) = postSolution
		SolutionGuid = {BD3BF122-7725-44E6-BC09-CA9CB58D542D}
	EndGlobalSection
EndGlobal
